
Microsoft Visual Studio Solution File, Format Version 12.00
# Visual Studio Version 17
VisualStudioVersion = 17.13.35931.197 d17.13
MinimumVisualStudioVersion = 10.0.40219.1
Project("{FAE04EC0-301F-11D3-BF4B-00C04F79EFBC}") = "CRUDdemoWebApplication", "CRUDdemoWebApplication.csproj", "{C15D02D4-7C44-4555-9BA7-987E13D55313}"
EndProject
Global
	GlobalSection(SolutionConfigurationPlatforms) = preSolution
		Debug|Any CPU = Debug|Any CPU
		Release|Any CPU = Release|Any CPU
	EndGlobalSection
	GlobalSection(ProjectConfigurationPlatforms) = postSolution
		{C15D02D4-7C44-4555-9BA7-987E13D55313}.Debug|Any CPU.ActiveCfg = Debug|Any CPU
		{C15D02D4-7C44-4555-9BA7-987E13D55313}.Debug|Any CPU.Build.0 = Debug|Any CPU
		{C15D02D4-7C44-4555-9BA7-987E13D55313}.Release|Any CPU.ActiveCfg = Release|Any CPU
		{C15D02D4-7C44-4555-9BA7-987E13D55313}.Release|Any CPU.Build.0 = Release|Any CPU
	EndGlobalSection
	GlobalSection(SolutionProperties) = preSolution
		HideSolutionNode = FALSE
	EndGlobalSection
	GlobalSection(ExtensibilityGlobals) = postSolution
		SolutionGuid = {EC1D898B-A98E-40CF-9BDE-DF7FA811ED07}
	EndGlobalSection
EndGlobal
